
Microsoft Visual Studio Solution File, Format Version 12.00
# Visual Studio 15
VisualStudioVersion = 15.0.28307.271
MinimumVisualStudioVersion = 10.0.40219.1
Project("{FAE04EC0-301F-11D3-BF4B-00C04F79EFBC}") = "Week07.2.App", "Week07.2.App\Week07.2.App.csproj", "{46E859D3-30FE-40B7-A87C-262B6F532E4E}"
EndProject
Project("{FAE04EC0-301F-11D3-BF4B-00C04F79EFBC}") = "Week07.3", "Week07.3\Week07.3.csproj", "{00F03274-E7B5-4AA0-A9AA-EFF26DA22AA1}"
EndProject
Project("{FAE04EC0-301F-11D3-BF4B-00C04F79EFBC}") = "TemaWeek07.Linq", "Week07.Linq\TemaWeek07.Linq.csproj", "{F6C9B286-1083-483A-8C10-98DFD28056B3}"
EndProject
Global
	GlobalSection(SolutionConfigurationPlatforms) = preSolution
		Debug|Any CPU = Debug|Any CPU
		Release|Any CPU = Release|Any CPU
	EndGlobalSection
	GlobalSection(ProjectConfigurationPlatforms) = postSolution
		{46E859D3-30FE-40B7-A87C-262B6F532E4E}.Debug|Any CPU.ActiveCfg = Debug|Any CPU
		{46E859D3-30FE-40B7-A87C-262B6F532E4E}.Debug|Any CPU.Build.0 = Debug|Any CPU
		{46E859D3-30FE-40B7-A87C-262B6F532E4E}.Release|Any CPU.ActiveCfg = Release|Any CPU
		{46E859D3-30FE-40B7-A87C-262B6F532E4E}.Release|Any CPU.Build.0 = Release|Any CPU
		{00F03274-E7B5-4AA0-A9AA-EFF26DA22AA1}.Debug|Any CPU.ActiveCfg = Debug|Any CPU
		{00F03274-E7B5-4AA0-A9AA-EFF26DA22AA1}.Debug|Any CPU.Build.0 = Debug|Any CPU
		{00F03274-E7B5-4AA0-A9AA-EFF26DA22AA1}.Release|Any CPU.ActiveCfg = Release|Any CPU
		{00F03274-E7B5-4AA0-A9AA-EFF26DA22AA1}.Release|Any CPU.Build.0 = Release|Any CPU
		{F6C9B286-1083-483A-8C10-98DFD28056B3}.Debug|Any CPU.ActiveCfg = Debug|Any CPU
		{F6C9B286-1083-483A-8C10-98DFD28056B3}.Debug|Any CPU.Build.0 = Debug|Any CPU
		{F6C9B286-1083-483A-8C10-98DFD28056B3}.Release|Any CPU.ActiveCfg = Release|Any CPU
		{F6C9B286-1083-483A-8C10-98DFD28056B3}.Release|Any CPU.Build.0 = Release|Any CPU
	EndGlobalSection
	GlobalSection(SolutionProperties) = preSolution
		HideSolutionNode = FALSE
	EndGlobalSection
	GlobalSection(ExtensibilityGlobals) = postSolution
		SolutionGuid = {84715605-29B1-4AF6-8D86-0A739A63D78D}
	EndGlobalSection
EndGlobal
